// !$*UTF8*$!
{
	archiveVersion = 1;
	classes = {
	};
	objectVersion = 46;
	objects = {

/* Begin PBXBuildFile section */
		2C988AE01B016D7A00C4A014 /* Foundation.framework in Frameworks */ = {isa = PBXBuildFile; fileRef = 2C988ADF1B016D7A00C4A014 /* Foundation.framework */; };
		2C988AE21B016D7A00C4A014 /* CoreGraphics.framework in Frameworks */ = {isa = PBXBuildFile; fileRef = 2C988AE11B016D7A00C4A014 /* CoreGraphics.framework */; };
		2C988AE41B016D7A00C4A014 /* UIKit.framework in Frameworks */ = {isa = PBXBuildFile; fileRef = 2C988AE31B016D7A00C4A014 /* UIKit.framework */; };
		2C988AEA1B016D7A00C4A014 /* InfoPlist.strings in Resources */ = {isa = PBXBuildFile; fileRef = 2C988AE81B016D7A00C4A014 /* InfoPlist.strings */; };
		2C988AEC1B016D7A00C4A014 /* main.m in Sources */ = {isa = PBXBuildFile; fileRef = 2C988AEB1B016D7A00C4A014 /* main.m */; };
		2C988AF01B016D7A00C4A014 /* GMAppDelegate.m in Sources */ = {isa = PBXBuildFile; fileRef = 2C988AEF1B016D7A00C4A014 /* GMAppDelegate.m */; };
		2C988AF21B016D7A00C4A014 /* Images.xcassets in Resources */ = {isa = PBXBuildFile; fileRef = 2C988AF11B016D7A00C4A014 /* Images.xcassets */; };
		2C988AF91B016D7A00C4A014 /* XCTest.framework in Frameworks */ = {isa = PBXBuildFile; fileRef = 2C988AF81B016D7A00C4A014 /* XCTest.framework */; };
		2C988AFA1B016D7A00C4A014 /* Foundation.framework in Frameworks */ = {isa = PBXBuildFile; fileRef = 2C988ADF1B016D7A00C4A014 /* Foundation.framework */; };
		2C988AFB1B016D7A00C4A014 /* UIKit.framework in Frameworks */ = {isa = PBXBuildFile; fileRef = 2C988AE31B016D7A00C4A014 /* UIKit.framework */; };
		2C988B031B016D7A00C4A014 /* InfoPlist.strings in Resources */ = {isa = PBXBuildFile; fileRef = 2C988B011B016D7A00C4A014 /* InfoPlist.strings */; };
		2C988B051B016D7A00C4A014 /* HypnosisterTests.m in Sources */ = {isa = PBXBuildFile; fileRef = 2C988B041B016D7A00C4A014 /* HypnosisterTests.m */; };
/* End PBXBuildFile section */

/* Begin PBXContainerItemProxy section */
		2C988AFC1B016D7A00C4A014 /* PBXContainerItemProxy */ = {
			isa = PBXContainerItemProxy;
			containerPortal = 2C988AD41B016D7A00C4A014 /* Project object */;
			proxyType = 1;
			remoteGlobalIDString = 2C988ADB1B016D7A00C4A014;
			remoteInfo = Hypnosister;
		};
/* End PBXContainerItemProxy section */

/* Begin PBXFileReference section */
		2C988ADC1B016D7A00C4A014 /* Hypnosister.app */ = {isa = PBXFileReference; explicitFileType = wrapper.application; includeInIndex = 0; path = Hypnosister.app; sourceTree = BUILT_PRODUCTS_DIR; };
		2C988ADF1B016D7A00C4A014 /* Foundation.framework */ = {isa = PBXFileReference; lastKnownFileType = wrapper.framework; name = Foundation.framework; path = System/Library/Frameworks/Foundation.framework; sourceTree = SDKROOT; };
		2C988AE11B016D7A00C4A014 /* CoreGraphics.framework */ = {isa = PBXFileReference; lastKnownFileType = wrapper.framework; name = CoreGraphics.framework; path = System/Library/Frameworks/CoreGraphics.framework; sourceTree = SDKROOT; };
		2C988AE31B016D7A00C4A014 /* UIKit.framework */ = {isa = PBXFileReference; lastKnownFileType = wrapper.framework; name = UIKit.framework; path = System/Library/Frameworks/UIKit.framework; sourceTree = SDKROOT; };
		2C988AE71B016D7A00C4A014 /* Hypnosister-Info.plist */ = {isa = PBXFileReference; lastKnownFileType = text.plist.xml; path = "Hypnosister-Info.plist"; sourceTree = "<group>"; };
		2C988AE91B016D7A00C4A014 /* en */ = {isa = PBXFileReference; lastKnownFileType = text.plist.strings; name = en; path = en.lproj/InfoPlist.strings; sourceTree = "<group>"; };
		2C988AEB1B016D7A00C4A014 /* main.m */ = {isa = PBXFileReference; lastKnownFileType = sourcecode.c.objc; path = main.m; sourceTree = "<group>"; };
		2C988AED1B016D7A00C4A014 /* Hypnosister-Prefix.pch */ = {isa = PBXFileReference; lastKnownFileType = sourcecode.c.h; path = "Hypnosister-Prefix.pch"; sourceTree = "<group>"; };
		2C988AEE1B016D7A00C4A014 /* GMAppDelegate.h */ = {isa = PBXFileReference; lastKnownFileType = sourcecode.c.h; path = GMAppDelegate.h; sourceTree = "<group>"; };
		2C988AEF1B016D7A00C4A014 /* GMAppDelegate.m */ = {isa = PBXFileReference; lastKnownFileType = sourcecode.c.objc; path = GMAppDelegate.m; sourceTree = "<group>"; };
		2C988AF11B016D7A00C4A014 /* Images.xcassets */ = {isa = PBXFileReference; lastKnownFileType = folder.assetcatalog; path = Images.xcassets; sourceTree = "<group>"; };
		2C988AF71B016D7A00C4A014 /* HypnosisterTests.xctest */ = {isa = PBXFileReference; explicitFileType = wrapper.cfbundle; includeInIndex = 0; path = HypnosisterTests.xctest; sourceTree = BUILT_PRODUCTS_DIR; };
		2C988AF81B016D7A00C4A014 /* XCTest.framework */ = {isa = PBXFileReference; lastKnownFileType = wrapper.framework; name = XCTest.framework; path = Library/Frameworks/XCTest.framework; sourceTree = DEVELOPER_DIR; };
		2C988B001B016D7A00C4A014 /* HypnosisterTests-Info.plist */ = {isa = PBXFileReference; lastKnownFileType = text.plist.xml; path = "HypnosisterTests-Info.plist"; sourceTree = "<group>"; };
		2C988B021B016D7A00C4A014 /* en */ = {isa = PBXFileReference; lastKnownFileType = text.plist.strings; name = en; path = en.lproj/InfoPlist.strings; sourceTree = "<group>"; };
		2C988B041B016D7A00C4A014 /* HypnosisterTests.m */ = {isa = PBXFileReference; lastKnownFileType = sourcecode.c.objc; path = HypnosisterTests.m; sourceTree = "<group>"; };
/* End PBXFileReference section */

/* Begin PBXFrameworksBuildPhase section */
		2C988AD91B016D7A00C4A014 /* Frameworks */ = {
			isa = PBXFrameworksBuildPhase;
			buildActionMask = 2147483647;
			files = (
				2C988AE21B016D7A00C4A014 /* CoreGraphics.framework in Frameworks */,
				2C988AE41B016D7A00C4A014 /* UIKit.framework in Frameworks */,
				2C988AE01B016D7A00C4A014 /* Foundation.framework in Frameworks */,
			);
			runOnlyForDeploymentPostprocessing = 0;
		};
		2C988AF41B016D7A00C4A014 /* Frameworks */ = {
			isa = PBXFrameworksBuildPhase;
			buildActionMask = 2147483647;
			files = (
				2C988AF91B016D7A00C4A014 /* XCTest.framework in Frameworks */,
				2C988AFB1B016D7A00C4A014 /* UIKit.framework in Frameworks */,
				2C988AFA1B016D7A00C4A014 /* Foundation.framework in Frameworks */,
			);
			runOnlyForDeploymentPostprocessing = 0;
		};
/* End PBXFrameworksBuildPhase section */

/* Begin PBXGroup section */
		2C988AD31B016D7A00C4A014 = {
			isa = PBXGroup;
			children = (
				2C988AE51B016D7A00C4A014 /* Hypnosister */,
				2C988AFE1B016D7A00C4A014 /* HypnosisterTests */,
				2C988ADE1B016D7A00C4A014 /* Frameworks */,
				2C988ADD1B016D7A00C4A014 /* Products */,
			);
			sourceTree = "<group>";
		};
		2C988ADD1B016D7A00C4A014 /* Products */ = {
			isa = PBXGroup;
			children = (
				2C988ADC1B016D7A00C4A014 /* Hypnosister.app */,
				2C988AF71B016D7A00C4A014 /* HypnosisterTests.xctest */,
			);
			name = Products;
			sourceTree = "<group>";
		};
		2C988ADE1B016D7A00C4A014 /* Frameworks */ = {
			isa = PBXGroup;
			children = (
				2C988ADF1B016D7A00C4A014 /* Foundation.framework */,
				2C988AE11B016D7A00C4A014 /* CoreGraphics.framework */,
				2C988AE31B016D7A00C4A014 /* UIKit.framework */,
				2C988AF81B016D7A00C4A014 /* XCTest.framework */,
			);
			name = Frameworks;
			sourceTree = "<group>";
		};
		2C988AE51B016D7A00C4A014 /* Hypnosister */ = {
			isa = PBXGroup;
			children = (
				2C988AEE1B016D7A00C4A014 /* GMAppDelegate.h */,
				2C988AEF1B016D7A00C4A014 /* GMAppDelegate.m */,
				2C988AF11B016D7A00C4A014 /* Images.xcassets */,
				2C988AE61B016D7A00C4A014 /* Supporting Files */,
			);
			path = Hypnosister;
			sourceTree = "<group>";
		};
		2C988AE61B016D7A00C4A014 /* Supporting Files */ = {
			isa = PBXGroup;
			children = (
				2C988AE71B016D7A00C4A014 /* Hypnosister-Info.plist */,
				2C988AE81B016D7A00C4A014 /* InfoPlist.strings */,
				2C988AEB1B016D7A00C4A014 /* main.m */,
				2C988AED1B016D7A00C4A014 /* Hypnosister-Prefix.pch */,
			);
			name = "Supporting Files";
			sourceTree = "<group>";
		};
		2C988AFE1B016D7A00C4A014 /* HypnosisterTests */ = {
			isa = PBXGroup;
			children = (
				2C988B041B016D7A00C4A014 /* HypnosisterTests.m */,
				2C988AFF1B016D7A00C4A014 /* Supporting Files */,
			);
			path = HypnosisterTests;
			sourceTree = "<group>";
		};
		2C988AFF1B016D7A00C4A014 /* Supporting Files */ = {
			isa = PBXGroup;
			children = (
				2C988B001B016D7A00C4A014 /* HypnosisterTests-Info.plist */,
				2C988B011B016D7A00C4A014 /* InfoPlist.strings */,
			);
			name = "Supporting Files";
			sourceTree = "<group>";
		};
/* End PBXGroup section */

/* Begin PBXNativeTarget section */
		2C988ADB1B016D7A00C4A014 /* Hypnosister */ = {
			isa = PBXNativeTarget;
			buildConfigurationList = 2C988B081B016D7A00C4A014 /* Build configuration list for PBXNativeTarget "Hypnosister" */;
			buildPhases = (
				2C988AD81B016D7A00C4A014 /* Sources */,
				2C988AD91B016D7A00C4A014 /* Frameworks */,
				2C988ADA1B016D7A00C4A014 /* Resources */,
			);
			buildRules = (
			);
			dependencies = (
			);
			name = Hypnosister;
			productName = Hypnosister;
			productReference = 2C988ADC1B016D7A00C4A014 /* Hypnosister.app */;
			productType = "com.apple.product-type.application";
		};
		2C988AF61B016D7A00C4A014 /* HypnosisterTests */ = {
			isa = PBXNativeTarget;
			buildConfigurationList = 2C988B0B1B016D7A00C4A014 /* Build configuration list for PBXNativeTarget "HypnosisterTests" */;
			buildPhases = (
				2C988AF31B016D7A00C4A014 /* Sources */,
				2C988AF41B016D7A00C4A014 /* Frameworks */,
				2C988AF51B016D7A00C4A014 /* Resources */,
			);
			buildRules = (
			);
			dependencies = (
				2C988AFD1B016D7A00C4A014 /* PBXTargetDependency */,
			);
			name = HypnosisterTests;
			productName = HypnosisterTests;
			productReference = 2C988AF71B016D7A00C4A014 /* HypnosisterTests.xctest */;
			productType = "com.apple.product-type.bundle.unit-test";
		};
/* End PBXNativeTarget section */

/* Begin PBXProject section */
		2C988AD41B016D7A00C4A014 /* Project object */ = {
			isa = PBXProject;
			attributes = {
				CLASSPREFIX = GM;
				LastUpgradeCheck = 0510;
				ORGANIZATIONNAME = SwiftBeard;
				TargetAttributes = {
					2C988AF61B016D7A00C4A014 = {
						TestTargetID = 2C988ADB1B016D7A00C4A014;
					};
				};
			};
			buildConfigurationList = 2C988AD71B016D7A00C4A014 /* Build configuration list for PBXProject "Hypnosister" */;
			compatibilityVersion = "Xcode 3.2";
			developmentRegion = English;
			hasScannedForEncodings = 0;
			knownRegions = (
				en,
			);
			mainGroup = 2C988AD31B016D7A00C4A014;
			productRefGroup = 2C988ADD1B016D7A00C4A014 /* Products */;
			projectDirPath = "";
			projectRoot = "";
			targets = (
				2C988ADB1B016D7A00C4A014 /* Hypnosister */,
				2C988AF61B016D7A00C4A014 /* HypnosisterTests */,
			);
		};
/* End PBXProject section */

/* Begin PBXResourcesBuildPhase section */
		2C988ADA1B016D7A00C4A014 /* Resources */ = {
			isa = PBXResourcesBuildPhase;
			buildActionMask = 2147483647;
			files = (
				2C988AEA1B016D7A00C4A014 /* InfoPlist.strings in Resources */,
				2C988AF21B016D7A00C4A014 /* Images.xcassets in Resources */,
			);
			runOnlyForDeploymentPostprocessing = 0;
		};
		2C988AF51B016D7A00C4A014 /* Resources */ = {
			isa = PBXResourcesBuildPhase;
			buildActionMask = 2147483647;
			files = (
				2C988B031B016D7A00C4A014 /* InfoPlist.strings in Resources */,
			);
			runOnlyForDeploymentPostprocessing = 0;
		};
/* End PBXResourcesBuildPhase section */

/* Begin PBXSourcesBuildPhase section */
		2C988AD81B016D7A00C4A014 /* Sources */ = {
			isa = PBXSourcesBuildPhase;
			buildActionMask = 2147483647;
			files = (
				2C988AF01B016D7A00C4A014 /* GMAppDelegate.m in Sources */,
				2C988AEC1B016D7A00C4A014 /* main.m in Sources */,
			);
			runOnlyForDeploymentPostprocessing = 0;
		};
		2C988AF31B016D7A00C4A014 /* Sources */ = {
			isa = PBXSourcesBuildPhase;
			buildActionMask = 2147483647;
			files = (
				2C988B051B016D7A00C4A014 /* HypnosisterTests.m in Sources */,
			);
			runOnlyForDeploymentPostprocessing = 0;
		};
/* End PBXSourcesBuildPhase section */

/* Begin PBXTargetDependency section */
		2C988AFD1B016D7A00C4A014 /* PBXTargetDependency */ = {
			isa = PBXTargetDependency;
			target = 2C988ADB1B016D7A00C4A014 /* Hypnosister */;
			targetProxy = 2C988AFC1B016D7A00C4A014 /* PBXContainerItemProxy */;
		};
/* End PBXTargetDependency section */

/* Begin PBXVariantGroup section */
		2C988AE81B016D7A00C4A014 /* InfoPlist.strings */ = {
			isa = PBXVariantGroup;
			children = (
				2C988AE91B016D7A00C4A014 /* en */,
			);
			name = InfoPlist.strings;
			sourceTree = "<group>";
		};
		2C988B011B016D7A00C4A014 /* InfoPlist.strings */ = {
			isa = PBXVariantGroup;
			children = (
				2C988B021B016D7A00C4A014 /* en */,
			);
			name = InfoPlist.strings;
			sourceTree = "<group>";
		};
/* End PBXVariantGroup section */

/* Begin XCBuildConfiguration section */
		2C988B061B016D7A00C4A014 /* Debug */ = {
			isa = XCBuildConfiguration;
			buildSettings = {
				ALWAYS_SEARCH_USER_PATHS = NO;
				CLANG_CXX_LANGUAGE_STANDARD = "gnu++0x";
				CLANG_CXX_LIBRARY = "libc++";
				CLANG_ENABLE_MODULES = YES;
				CLANG_ENABLE_OBJC_ARC = YES;
				CLANG_WARN_BOOL_CONVERSION = YES;
				CLANG_WARN_CONSTANT_CONVERSION = YES;
				CLANG_WARN_DIRECT_OBJC_ISA_USAGE = YES_ERROR;
				CLANG_WARN_EMPTY_BODY = YES;
				CLANG_WARN_ENUM_CONVERSION = YES;
				CLANG_WARN_INT_CONVERSION = YES;
				CLANG_WARN_OBJC_ROOT_CLASS = YES_ERROR;
				CLANG_WARN__DUPLICATE_METHOD_MATCH = YES;
				"CODE_SIGN_IDENTITY[sdk=iphoneos*]" = "iPhone Developer";
				COPY_PHASE_STRIP = NO;
				GCC_C_LANGUAGE_STANDARD = gnu99;
				GCC_DYNAMIC_NO_PIC = NO;
				GCC_OPTIMIZATION_LEVEL = 0;
				GCC_PREPROCESSOR_DEFINITIONS = (
					"DEBUG=1",
					"$(inherited)",
				);
				GCC_SYMBOLS_PRIVATE_EXTERN = NO;
				GCC_WARN_64_TO_32_BIT_CONVERSION = YES;
				GCC_WARN_ABOUT_RETURN_TYPE = YES_ERROR;
				GCC_WARN_UNDECLARED_SELECTOR = YES;
				GCC_WARN_UNINITIALIZED_AUTOS = YES_AGGRESSIVE;
				GCC_WARN_UNUSED_FUNCTION = YES;
				GCC_WARN_UNUSED_VARIABLE = YES;
				IPHONEOS_DEPLOYMENT_TARGET = 7.1;
				ONLY_ACTIVE_ARCH = YES;
				SDKROOT = iphoneos;
			};
			name = Debug;
		};
		2C988B071B016D7A00C4A014 /* Release */ = {
			isa = XCBuildConfiguration;
			buildSettings = {
				ALWAYS_SEARCH_USER_PATHS = NO;
				CLANG_CXX_LANGUAGE_STANDARD = "gnu++0x";
				CLANG_CXX_LIBRARY = "libc++";
				CLANG_ENABLE_MODULES = YES;
				CLANG_ENABLE_OBJC_ARC = YES;
				CLANG_WARN_BOOL_CONVERSION = YES;
				CLANG_WARN_CONSTANT_CONVERSION = YES;
				CLANG_WARN_DIRECT_OBJC_ISA_USAGE = YES_ERROR;
				CLANG_WARN_EMPTY_BODY = YES;
				CLANG_WARN_ENUM_CONVERSION = YES;
				CLANG_WARN_INT_CONVERSION = YES;
				CLANG_WARN_OBJC_ROOT_CLASS = YES_ERROR;
				CLANG_WARN__DUPLICATE_METHOD_MATCH = YES;
				"CODE_SIGN_IDENTITY[sdk=iphoneos*]" = "iPhone Developer";
				COPY_PHASE_STRIP = YES;
				ENABLE_NS_ASSERTIONS = NO;
				GCC_C_LANGUAGE_STANDARD = gnu99;
				GCC_WARN_64_TO_32_BIT_CONVERSION = YES;
				GCC_WARN_ABOUT_RETURN_TYPE = YES_ERROR;
				GCC_WARN_UNDECLARED_SELECTOR = YES;
				GCC_WARN_UNINITIALIZED_AUTOS = YES_AGGRESSIVE;
				GCC_WARN_UNUSED_FUNCTION = YES;
				GCC_WARN_UNUSED_VARIABLE = YES;
				IPHONEOS_DEPLOYMENT_TARGET = 7.1;
				SDKROOT = iphoneos;
				VALIDATE_PRODUCT = YES;
			};
			name = Release;
		};
		2C988B091B016D7A00C4A014 /* Debug */ = {
			isa = XCBuildConfiguration;
			buildSettings = {
				ASSETCATALOG_COMPILER_APPICON_NAME = AppIcon;
				ASSETCATALOG_COMPILER_LAUNCHIMAGE_NAME = LaunchImage;
				GCC_PRECOMPILE_PREFIX_HEADER = YES;
				GCC_PREFIX_HEADER = "Hypnosister/Hypnosister-Prefix.pch";
				INFOPLIST_FILE = "Hypnosister/Hypnosister-Info.plist";
				PRODUCT_NAME = "$(TARGET_NAME)";
				WRAPPER_EXTENSION = app;
			};
			name = Debug;
		};
		2C988B0A1B016D7A00C4A014 /* Release */ = {
			isa = XCBuildConfiguration;
			buildSettings = {
				ASSETCATALOG_COMPILER_APPICON_NAME = AppIcon;
				ASSETCATALOG_COMPILER_LAUNCHIMAGE_NAME = LaunchImage;
				GCC_PRECOMPILE_PREFIX_HEADER = YES;
				GCC_PREFIX_HEADER = "Hypnosister/Hypnosister-Prefix.pch";
				INFOPLIST_FILE = "Hypnosister/Hypnosister-Info.plist";
				PRODUCT_NAME = "$(TARGET_NAME)";
				WRAPPER_EXTENSION = app;
			};
			name = Release;
		};
		2C988B0C1B016D7A00C4A014 /* Debug */ = {
			isa = XCBuildConfiguration;
			buildSettings = {
				BUNDLE_LOADER = "$(BUILT_PRODUCTS_DIR)/Hypnosister.app/Hypnosister";
				FRAMEWORK_SEARCH_PATHS = (
					"$(SDKROOT)/Developer/Library/Frameworks",
					"$(inherited)",
					"$(DEVELOPER_FRAMEWORKS_DIR)",
				);
				GCC_PRECOMPILE_PREFIX_HEADER = YES;
				GCC_PREFIX_HEADER = "Hypnosister/Hypnosister-Prefix.pch";
				GCC_PREPROCESSOR_DEFINITIONS = (
					"DEBUG=1",
					"$(inherited)",
				);
				INFOPLIST_FILE = "HypnosisterTests/HypnosisterTests-Info.plist";
				PRODUCT_NAME = "$(TARGET_NAME)";
				TEST_HOST = "$(BUNDLE_LOADER)";
				WRAPPER_EXTENSION = xctest;
			};
			name = Debug;
		};
		2C988B0D1B016D7A00C4A014 /* Release */ = {
			isa = XCBuildConfiguration;
			buildSettings = {
				BUNDLE_LOADER = "$(BUILT_PRODUCTS_DIR)/Hypnosister.app/Hypnosister";
				FRAMEWORK_SEARCH_PATHS = (
					"$(SDKROOT)/Developer/Library/Frameworks",
					"$(inherited)",
					"$(DEVELOPER_FRAMEWORKS_DIR)",
				);
				GCC_PRECOMPILE_PREFIX_HEADER = YES;
				GCC_PREFIX_HEADER = "Hypnosister/Hypnosister-Prefix.pch";
				INFOPLIST_FILE = "HypnosisterTests/HypnosisterTests-Info.plist";
				PRODUCT_NAME = "$(TARGET_NAME)";
				TEST_HOST = "$(BUNDLE_LOADER)";
				WRAPPER_EXTENSION = xctest;
			};
			name = Release;
		};
/* End XCBuildConfiguration section */

/* Begin XCConfigurationList section */
		2C988AD71B016D7A00C4A014 /* Build configuration list for PBXProject "Hypnosister" */ = {
			isa = XCConfigurationList;
			buildConfigurations = (
				2C988B061B016D7A00C4A014 /* Debug */,
				2C988B071B016D7A00C4A014 /* Release */,
			);
			defaultConfigurationIsVisible = 0;
			defaultConfigurationName = Release;
		};
		2C988B081B016D7A00C4A014 /* Build configuration list for PBXNativeTarget "Hypnosister" */ = {
			isa = XCConfigurationList;
			buildConfigurations = (
				2C988B091B016D7A00C4A014 /* Debug */,
				2C988B0A1B016D7A00C4A014 /* Release */,
			);
			defaultConfigurationIsVisible = 0;
		};
		2C988B0B1B016D7A00C4A014 /* Build configuration list for PBXNativeTarget "HypnosisterTests" */ = {
			isa = XCConfigurationList;
			buildConfigurations = (
				2C988B0C1B016D7A00C4A014 /* Debug */,
				2C988B0D1B016D7A00C4A014 /* Release */,
			);
			defaultConfigurationIsVisible = 0;
		};
/* End XCConfigurationList section */
	};
	rootObject = 2C988AD41B016D7A00C4A014 /* Project object */;
}
